
Microsoft Visual Studio Solution File, Format Version 12.00
# Visual Studio Version 16
VisualStudioVersion = 16.0.30621.155
MinimumVisualStudioVersion = 10.0.40219.1
Project("{9A19103F-16F7-4668-BE54-9A1E7A4F7556}") = "WebApplicationME", "WebApplicationME\WebApplicationME.csproj", "{C3DA542E-3DDA-4169-A2D0-05F5C3D8E964}"
EndProject
Project("{2150E333-8FDC-42A3-9474-1A3956D46DE8}") = "01 - Presentation", "01 - Presentation", "{BA441EB8-58A5-4194-A818-5B12611E8189}"
EndProject
Project("{2150E333-8FDC-42A3-9474-1A3956D46DE8}") = "02 - Application", "02 - Application", "{CBCCD2EA-ED62-4BAE-82F6-DD2E2F502CFE}"
EndProject
Project("{2150E333-8FDC-42A3-9474-1A3956D46DE8}") = "03 - Domain", "03 - Domain", "{077DA88D-DFF7-4821-97A5-4FFF613BFCE8}"
EndProject
Project("{2150E333-8FDC-42A3-9474-1A3956D46DE8}") = "04-  Infra", "04-  Infra", "{BCE1E013-6416-437A-A993-45E1B61C4D4D}"
EndProject
Project("{2150E333-8FDC-42A3-9474-1A3956D46DE8}") = "05 - UnitTest", "05 - UnitTest", "{9A088AF3-FA61-4009-A806-3D40170EA7B9}"
EndProject
Project("{9A19103F-16F7-4668-BE54-9A1E7A4F7556}") = "Backend.Me.Appservice", "Backend.Me.Appservice\Backend.Me.Appservice.csproj", "{EA26985E-C869-4DDF-ABE6-9E20D23A69FF}"
EndProject
Project("{9A19103F-16F7-4668-BE54-9A1E7A4F7556}") = "Backend.Me.Appservice.Interface", "Backend.Me.Appservice.Interface\Backend.Me.Appservice.Interface.csproj", "{54FCD66C-F032-46D2-8FAD-3F8E2DBFFE54}"
EndProject
Project("{2150E333-8FDC-42A3-9474-1A3956D46DE8}") = "Application", "Application", "{B5FB4443-019D-44D4-82B4-B4B4E2851226}"
EndProject
Project("{2150E333-8FDC-42A3-9474-1A3956D46DE8}") = "Contracts", "Contracts", "{9E5DD449-9257-4ACB-BECA-7E6B9C9A6FA6}"
EndProject
Project("{9A19103F-16F7-4668-BE54-9A1E7A4F7556}") = "Backend.Me.Domain", "Backend.Me.Domain\Backend.Me.Domain.csproj", "{09CEEFFF-CE44-432E-B812-A2775BE75B53}"
EndProject
Project("{9A19103F-16F7-4668-BE54-9A1E7A4F7556}") = "Backend.Me.Infra.Data", "Backend.Me.Infra.Data\Backend.Me.Infra.Data.csproj", "{32ED60ED-D997-4B1A-B101-66C5E1719E7E}"
EndProject
Project("{9A19103F-16F7-4668-BE54-9A1E7A4F7556}") = "Backend.ME.Unitest", "Backend.ME.Unitest\Backend.ME.Unitest.csproj", "{76C58240-FE97-4C31-983C-04EDF3FC8D2E}"
EndProject
Project("{9A19103F-16F7-4668-BE54-9A1E7A4F7556}") = "Backend.Me.Contracts", "Backend.Me.Contracts\Backend.Me.Contracts.csproj", "{8C4AF333-A5A2-4359-9B6B-2DEAD36C5A44}"
EndProject
Project("{9A19103F-16F7-4668-BE54-9A1E7A4F7556}") = "Backend.Me.Infra.CrossCutting.Bus", "Backend.Me.Infra.CrossCutting.Bus\Backend.Me.Infra.CrossCutting.Bus.csproj", "{9A032273-0FC2-462B-A3E1-5E63B59A4774}"
EndProject
Project("{2150E333-8FDC-42A3-9474-1A3956D46DE8}") = "06 - Database", "06 - Database", "{679F39C4-C28A-4294-8FAB-B57531285886}"
EndProject
Project("{00D1A9C2-B5F0-4AF3-8072-F6C62B433612}") = "DataBaseME", "DataBaseME\DataBaseME.sqlproj", "{F2631124-082F-49A1-B272-3C3E9CEE4659}"
EndProject
Project("{9A19103F-16F7-4668-BE54-9A1E7A4F7556}") = "Backend.Me.Domain.Contracts", "Backend.Me.Domain.Contracts\Backend.Me.Domain.Contracts.csproj", "{BFD282AD-9648-41A0-B0EE-6290AAAF1155}"
EndProject
Project("{FAE04EC0-301F-11D3-BF4B-00C04F79EFBC}") = "IntegrationTest", "IntegrationTest\IntegrationTest.csproj", "{A57B6602-4A6F-401E-BD55-BA0C86061C74}"
EndProject
Global
	GlobalSection(SolutionConfigurationPlatforms) = preSolution
		Debug|Any CPU = Debug|Any CPU
		Release|Any CPU = Release|Any CPU
	EndGlobalSection
	GlobalSection(ProjectConfigurationPlatforms) = postSolution
		{C3DA542E-3DDA-4169-A2D0-05F5C3D8E964}.Debug|Any CPU.ActiveCfg = Debug|Any CPU
		{C3DA542E-3DDA-4169-A2D0-05F5C3D8E964}.Debug|Any CPU.Build.0 = Debug|Any CPU
		{C3DA542E-3DDA-4169-A2D0-05F5C3D8E964}.Release|Any CPU.ActiveCfg = Release|Any CPU
		{C3DA542E-3DDA-4169-A2D0-05F5C3D8E964}.Release|Any CPU.Build.0 = Release|Any CPU
		{EA26985E-C869-4DDF-ABE6-9E20D23A69FF}.Debug|Any CPU.ActiveCfg = Debug|Any CPU
		{EA26985E-C869-4DDF-ABE6-9E20D23A69FF}.Debug|Any CPU.Build.0 = Debug|Any CPU
		{EA26985E-C869-4DDF-ABE6-9E20D23A69FF}.Release|Any CPU.ActiveCfg = Release|Any CPU
		{EA26985E-C869-4DDF-ABE6-9E20D23A69FF}.Release|Any CPU.Build.0 = Release|Any CPU
		{54FCD66C-F032-46D2-8FAD-3F8E2DBFFE54}.Debug|Any CPU.ActiveCfg = Debug|Any CPU
		{54FCD66C-F032-46D2-8FAD-3F8E2DBFFE54}.Debug|Any CPU.Build.0 = Debug|Any CPU
		{54FCD66C-F032-46D2-8FAD-3F8E2DBFFE54}.Release|Any CPU.ActiveCfg = Release|Any CPU
		{54FCD66C-F032-46D2-8FAD-3F8E2DBFFE54}.Release|Any CPU.Build.0 = Release|Any CPU
		{09CEEFFF-CE44-432E-B812-A2775BE75B53}.Debug|Any CPU.ActiveCfg = Debug|Any CPU
		{09CEEFFF-CE44-432E-B812-A2775BE75B53}.Debug|Any CPU.Build.0 = Debug|Any CPU
		{09CEEFFF-CE44-432E-B812-A2775BE75B53}.Release|Any CPU.ActiveCfg = Release|Any CPU
		{09CEEFFF-CE44-432E-B812-A2775BE75B53}.Release|Any CPU.Build.0 = Release|Any CPU
		{32ED60ED-D997-4B1A-B101-66C5E1719E7E}.Debug|Any CPU.ActiveCfg = Debug|Any CPU
		{32ED60ED-D997-4B1A-B101-66C5E1719E7E}.Debug|Any CPU.Build.0 = Debug|Any CPU
		{32ED60ED-D997-4B1A-B101-66C5E1719E7E}.Release|Any CPU.ActiveCfg = Release|Any CPU
		{32ED60ED-D997-4B1A-B101-66C5E1719E7E}.Release|Any CPU.Build.0 = Release|Any CPU
		{76C58240-FE97-4C31-983C-04EDF3FC8D2E}.Debug|Any CPU.ActiveCfg = Debug|Any CPU
		{76C58240-FE97-4C31-983C-04EDF3FC8D2E}.Debug|Any CPU.Build.0 = Debug|Any CPU
		{76C58240-FE97-4C31-983C-04EDF3FC8D2E}.Release|Any CPU.ActiveCfg = Release|Any CPU
		{76C58240-FE97-4C31-983C-04EDF3FC8D2E}.Release|Any CPU.Build.0 = Release|Any CPU
		{8C4AF333-A5A2-4359-9B6B-2DEAD36C5A44}.Debug|Any CPU.ActiveCfg = Debug|Any CPU
		{8C4AF333-A5A2-4359-9B6B-2DEAD36C5A44}.Debug|Any CPU.Build.0 = Debug|Any CPU
		{8C4AF333-A5A2-4359-9B6B-2DEAD36C5A44}.Release|Any CPU.ActiveCfg = Release|Any CPU
		{8C4AF333-A5A2-4359-9B6B-2DEAD36C5A44}.Release|Any CPU.Build.0 = Release|Any CPU
		{9A032273-0FC2-462B-A3E1-5E63B59A4774}.Debug|Any CPU.ActiveCfg = Debug|Any CPU
		{9A032273-0FC2-462B-A3E1-5E63B59A4774}.Debug|Any CPU.Build.0 = Debug|Any CPU
		{9A032273-0FC2-462B-A3E1-5E63B59A4774}.Release|Any CPU.ActiveCfg = Release|Any CPU
		{9A032273-0FC2-462B-A3E1-5E63B59A4774}.Release|Any CPU.Build.0 = Release|Any CPU
		{F2631124-082F-49A1-B272-3C3E9CEE4659}.Debug|Any CPU.ActiveCfg = Debug|Any CPU
		{F2631124-082F-49A1-B272-3C3E9CEE4659}.Debug|Any CPU.Build.0 = Debug|Any CPU
		{F2631124-082F-49A1-B272-3C3E9CEE4659}.Debug|Any CPU.Deploy.0 = Debug|Any CPU
		{F2631124-082F-49A1-B272-3C3E9CEE4659}.Release|Any CPU.ActiveCfg = Release|Any CPU
		{F2631124-082F-49A1-B272-3C3E9CEE4659}.Release|Any CPU.Build.0 = Release|Any CPU
		{F2631124-082F-49A1-B272-3C3E9CEE4659}.Release|Any CPU.Deploy.0 = Release|Any CPU
		{BFD282AD-9648-41A0-B0EE-6290AAAF1155}.Debug|Any CPU.ActiveCfg = Debug|Any CPU
		{BFD282AD-9648-41A0-B0EE-6290AAAF1155}.Debug|Any CPU.Build.0 = Debug|Any CPU
		{BFD282AD-9648-41A0-B0EE-6290AAAF1155}.Release|Any CPU.ActiveCfg = Release|Any CPU
		{BFD282AD-9648-41A0-B0EE-6290AAAF1155}.Release|Any CPU.Build.0 = Release|Any CPU
		{A57B6602-4A6F-401E-BD55-BA0C86061C74}.Debug|Any CPU.ActiveCfg = Debug|Any CPU
		{A57B6602-4A6F-401E-BD55-BA0C86061C74}.Debug|Any CPU.Build.0 = Debug|Any CPU
		{A57B6602-4A6F-401E-BD55-BA0C86061C74}.Release|Any CPU.ActiveCfg = Release|Any CPU
		{A57B6602-4A6F-401E-BD55-BA0C86061C74}.Release|Any CPU.Build.0 = Release|Any CPU
	EndGlobalSection
	GlobalSection(SolutionProperties) = preSolution
		HideSolutionNode = FALSE
	EndGlobalSection
	GlobalSection(NestedProjects) = preSolution
		{C3DA542E-3DDA-4169-A2D0-05F5C3D8E964} = {BA441EB8-58A5-4194-A818-5B12611E8189}
		{EA26985E-C869-4DDF-ABE6-9E20D23A69FF} = {B5FB4443-019D-44D4-82B4-B4B4E2851226}
		{54FCD66C-F032-46D2-8FAD-3F8E2DBFFE54} = {9E5DD449-9257-4ACB-BECA-7E6B9C9A6FA6}
		{B5FB4443-019D-44D4-82B4-B4B4E2851226} = {CBCCD2EA-ED62-4BAE-82F6-DD2E2F502CFE}
		{9E5DD449-9257-4ACB-BECA-7E6B9C9A6FA6} = {CBCCD2EA-ED62-4BAE-82F6-DD2E2F502CFE}
		{09CEEFFF-CE44-432E-B812-A2775BE75B53} = {077DA88D-DFF7-4821-97A5-4FFF613BFCE8}
		{32ED60ED-D997-4B1A-B101-66C5E1719E7E} = {BCE1E013-6416-437A-A993-45E1B61C4D4D}
		{76C58240-FE97-4C31-983C-04EDF3FC8D2E} = {9A088AF3-FA61-4009-A806-3D40170EA7B9}
		{8C4AF333-A5A2-4359-9B6B-2DEAD36C5A44} = {9E5DD449-9257-4ACB-BECA-7E6B9C9A6FA6}
		{9A032273-0FC2-462B-A3E1-5E63B59A4774} = {BCE1E013-6416-437A-A993-45E1B61C4D4D}
		{F2631124-082F-49A1-B272-3C3E9CEE4659} = {679F39C4-C28A-4294-8FAB-B57531285886}
		{BFD282AD-9648-41A0-B0EE-6290AAAF1155} = {077DA88D-DFF7-4821-97A5-4FFF613BFCE8}
		{A57B6602-4A6F-401E-BD55-BA0C86061C74} = {9A088AF3-FA61-4009-A806-3D40170EA7B9}
	EndGlobalSection
	GlobalSection(ExtensibilityGlobals) = postSolution
		SolutionGuid = {9B69F299-5392-4A62-A32F-803F376CF6E9}
	EndGlobalSection
EndGlobal
